
Microsoft Visual Studio Solution File, Format Version 12.00
# Visual Studio Version 17
VisualStudioVersion = 17.8.34330.188
MinimumVisualStudioVersion = 10.0.40219.1
Project("{FAE04EC0-301F-11D3-BF4B-00C04F79EFBC}") = "SimpleWS-Server", "SimpleWS-Server\SimpleWS-Server.csproj", "{58D75234-4FB2-40C0-8FE9-18E696E2E8AD}"
EndProject
Global
	GlobalSection(SolutionConfigurationPlatforms) = preSolution
		Debug|Any CPU = Debug|Any CPU
		Release|Any CPU = Release|Any CPU
	EndGlobalSection
	GlobalSection(ProjectConfigurationPlatforms) = postSolution
		{58D75234-4FB2-40C0-8FE9-18E696E2E8AD}.Debug|Any CPU.ActiveCfg = Debug|Any CPU
		{58D75234-4FB2-40C0-8FE9-18E696E2E8AD}.Debug|Any CPU.Build.0 = Debug|Any CPU
		{58D75234-4FB2-40C0-8FE9-18E696E2E8AD}.Release|Any CPU.ActiveCfg = Release|Any CPU
		{58D75234-4FB2-40C0-8FE9-18E696E2E8AD}.Release|Any CPU.Build.0 = Release|Any CPU
	EndGlobalSection
	GlobalSection(SolutionProperties) = preSolution
		HideSolutionNode = FALSE
	EndGlobalSection
	GlobalSection(ExtensibilityGlobals) = postSolution
		SolutionGuid = {571C5077-EDF6-405D-9B00-E04EA130DE31}
	EndGlobalSection
EndGlobal
